
Microsoft Visual Studio Solution File, Format Version 12.00
# Visual Studio Version 17
VisualStudioVersion = 17.0.31612.314
MinimumVisualStudioVersion = 10.0.40219.1
Project("{9A19103F-16F7-4668-BE54-9A1E7A4F7556}") = "SGH.Api", "SGH\SGH.Api.csproj", "{F65B83F9-63FF-4EB1-B600-3823ED8BF3EE}"
EndProject
Project("{9A19103F-16F7-4668-BE54-9A1E7A4F7556}") = "SGH.Dominio.Services", "Dominio\SGH.Dominio.Services.csproj", "{08C1AD22-079A-4A92-A0A1-09359BC389EF}"
EndProject
Project("{2150E333-8FDC-42A3-9474-1A3956D46DE8}") = "1 - Servicos", "1 - Servicos", "{EB3E9026-EC15-4B8E-B3F6-0E4DBCC452D4}"
EndProject
Project("{2150E333-8FDC-42A3-9474-1A3956D46DE8}") = "src", "src", "{E0987217-8314-4AFB-B8D0-335CDBB9D4B1}"
EndProject
Project("{2150E333-8FDC-42A3-9474-1A3956D46DE8}") = "2 - Dominio", "2 - Dominio", "{A38DE793-9A59-4C1F-957B-7DA0D0002E67}"
EndProject
Project("{2150E333-8FDC-42A3-9474-1A3956D46DE8}") = "3 - Infraestrutura", "3 - Infraestrutura", "{B1AAFA92-DEB2-407B-933D-4817F6FA3CD3}"
EndProject
Project("{2150E333-8FDC-42A3-9474-1A3956D46DE8}") = "4 - Testes", "4 - Testes", "{C64B0D0F-60A2-4394-B7F9-4BDD5ECE0802}"
EndProject
Project("{2150E333-8FDC-42A3-9474-1A3956D46DE8}") = "4.1 - Testes de Unidade", "4.1 - Testes de Unidade", "{EDD6AEA7-60FB-433B-8223-C1E93666D787}"
EndProject
Project("{9A19103F-16F7-4668-BE54-9A1E7A4F7556}") = "SGH.TestesDeUnidade", "SGH.TestesUnitarios\SGH.TestesDeUnidade.csproj", "{11871B87-87FD-4730-AABA-AAB4291EB4BD}"
EndProject
Project("{2150E333-8FDC-42A3-9474-1A3956D46DE8}") = "4.2 - Testes de integração", "4.2 - Testes de integração", "{12F8F66F-1FF0-4194-9D3B-C9B18B2D6990}"
EndProject
Project("{9A19103F-16F7-4668-BE54-9A1E7A4F7556}") = "SGH.TestesDeIntegracao", "SGH.TestesDeIntegracao\SGH.TestesDeIntegracao.csproj", "{C56B74A1-5BCA-484F-BBFF-63B801BA5708}"
EndProject
Project("{9A19103F-16F7-4668-BE54-9A1E7A4F7556}") = "SGH.Dominio.Shared", "SGH.Dominio.Shared\SGH.Dominio.Shared.csproj", "{E28DFA06-84AA-4A0C-AD31-EA7B3D410F2B}"
EndProject
Project("{9A19103F-16F7-4668-BE54-9A1E7A4F7556}") = "SGH.Relatorios", "SGH.Relatorios\SGH.Relatorios.csproj", "{A57792AF-806F-4BC5-B00E-64928EE11B3C}"
EndProject
Project("{E53339B2-1760-4266-BCC7-CA923CBCF16C}") = "docker-compose", "docker-compose.dcproj", "{17B7074D-FEC2-4C71-859B-A7EA0A50DE05}"
	ProjectSection(ProjectDependencies) = postProject
		{F65B83F9-63FF-4EB1-B600-3823ED8BF3EE} = {F65B83F9-63FF-4EB1-B600-3823ED8BF3EE}
	EndProjectSection
EndProject
Project("{9A19103F-16F7-4668-BE54-9A1E7A4F7556}") = "SGH.Dominio.Core", "SGH.Dominio.Core\SGH.Dominio.Core.csproj", "{91B6F06D-8E1E-4744-8FEE-7F32E49E376D}"
EndProject
Project("{9A19103F-16F7-4668-BE54-9A1E7A4F7556}") = "SGH.Data", "SGH.Data\SGH.Data.csproj", "{FA17AC14-BD11-419D-8A7C-71C42A9E8E7F}"
EndProject
Project("{9A19103F-16F7-4668-BE54-9A1E7A4F7556}") = "SGH.Email", "SGH.Email\SGH.Email.csproj", "{35F587F3-9EB2-4DDA-A913-A1652EEBA4CE}"
EndProject
Project("{9A19103F-16F7-4668-BE54-9A1E7A4F7556}") = "SGH.IoC", "SGH.IoC\SGH.IoC.csproj", "{02F52921-28F5-4989-9248-39E0C2242F60}"
EndProject
Global
	GlobalSection(SolutionConfigurationPlatforms) = preSolution
		Debug|Any CPU = Debug|Any CPU
		Release|Any CPU = Release|Any CPU
	EndGlobalSection
	GlobalSection(ProjectConfigurationPlatforms) = postSolution
		{F65B83F9-63FF-4EB1-B600-3823ED8BF3EE}.Debug|Any CPU.ActiveCfg = Debug|Any CPU
		{F65B83F9-63FF-4EB1-B600-3823ED8BF3EE}.Debug|Any CPU.Build.0 = Debug|Any CPU
		{F65B83F9-63FF-4EB1-B600-3823ED8BF3EE}.Release|Any CPU.ActiveCfg = Release|Any CPU
		{F65B83F9-63FF-4EB1-B600-3823ED8BF3EE}.Release|Any CPU.Build.0 = Release|Any CPU
		{08C1AD22-079A-4A92-A0A1-09359BC389EF}.Debug|Any CPU.ActiveCfg = Debug|Any CPU
		{08C1AD22-079A-4A92-A0A1-09359BC389EF}.Debug|Any CPU.Build.0 = Debug|Any CPU
		{08C1AD22-079A-4A92-A0A1-09359BC389EF}.Release|Any CPU.ActiveCfg = Release|Any CPU
		{08C1AD22-079A-4A92-A0A1-09359BC389EF}.Release|Any CPU.Build.0 = Release|Any CPU
		{11871B87-87FD-4730-AABA-AAB4291EB4BD}.Debug|Any CPU.ActiveCfg = Debug|Any CPU
		{11871B87-87FD-4730-AABA-AAB4291EB4BD}.Debug|Any CPU.Build.0 = Debug|Any CPU
		{11871B87-87FD-4730-AABA-AAB4291EB4BD}.Release|Any CPU.ActiveCfg = Release|Any CPU
		{11871B87-87FD-4730-AABA-AAB4291EB4BD}.Release|Any CPU.Build.0 = Release|Any CPU
		{C56B74A1-5BCA-484F-BBFF-63B801BA5708}.Debug|Any CPU.ActiveCfg = Debug|Any CPU
		{C56B74A1-5BCA-484F-BBFF-63B801BA5708}.Debug|Any CPU.Build.0 = Debug|Any CPU
		{C56B74A1-5BCA-484F-BBFF-63B801BA5708}.Release|Any CPU.ActiveCfg = Release|Any CPU
		{C56B74A1-5BCA-484F-BBFF-63B801BA5708}.Release|Any CPU.Build.0 = Release|Any CPU
		{E28DFA06-84AA-4A0C-AD31-EA7B3D410F2B}.Debug|Any CPU.ActiveCfg = Debug|Any CPU
		{E28DFA06-84AA-4A0C-AD31-EA7B3D410F2B}.Debug|Any CPU.Build.0 = Debug|Any CPU
		{E28DFA06-84AA-4A0C-AD31-EA7B3D410F2B}.Release|Any CPU.ActiveCfg = Release|Any CPU
		{E28DFA06-84AA-4A0C-AD31-EA7B3D410F2B}.Release|Any CPU.Build.0 = Release|Any CPU
		{A57792AF-806F-4BC5-B00E-64928EE11B3C}.Debug|Any CPU.ActiveCfg = Debug|Any CPU
		{A57792AF-806F-4BC5-B00E-64928EE11B3C}.Debug|Any CPU.Build.0 = Debug|Any CPU
		{A57792AF-806F-4BC5-B00E-64928EE11B3C}.Release|Any CPU.ActiveCfg = Release|Any CPU
		{A57792AF-806F-4BC5-B00E-64928EE11B3C}.Release|Any CPU.Build.0 = Release|Any CPU
		{17B7074D-FEC2-4C71-859B-A7EA0A50DE05}.Debug|Any CPU.ActiveCfg = Debug|Any CPU
		{17B7074D-FEC2-4C71-859B-A7EA0A50DE05}.Debug|Any CPU.Build.0 = Debug|Any CPU
		{17B7074D-FEC2-4C71-859B-A7EA0A50DE05}.Release|Any CPU.ActiveCfg = Debug|Any CPU
		{17B7074D-FEC2-4C71-859B-A7EA0A50DE05}.Release|Any CPU.Build.0 = Debug|Any CPU
		{91B6F06D-8E1E-4744-8FEE-7F32E49E376D}.Debug|Any CPU.ActiveCfg = Debug|Any CPU
		{91B6F06D-8E1E-4744-8FEE-7F32E49E376D}.Debug|Any CPU.Build.0 = Debug|Any CPU
		{91B6F06D-8E1E-4744-8FEE-7F32E49E376D}.Release|Any CPU.ActiveCfg = Release|Any CPU
		{91B6F06D-8E1E-4744-8FEE-7F32E49E376D}.Release|Any CPU.Build.0 = Release|Any CPU
		{FA17AC14-BD11-419D-8A7C-71C42A9E8E7F}.Debug|Any CPU.ActiveCfg = Debug|Any CPU
		{FA17AC14-BD11-419D-8A7C-71C42A9E8E7F}.Debug|Any CPU.Build.0 = Debug|Any CPU
		{FA17AC14-BD11-419D-8A7C-71C42A9E8E7F}.Release|Any CPU.ActiveCfg = Release|Any CPU
		{FA17AC14-BD11-419D-8A7C-71C42A9E8E7F}.Release|Any CPU.Build.0 = Release|Any CPU
		{35F587F3-9EB2-4DDA-A913-A1652EEBA4CE}.Debug|Any CPU.ActiveCfg = Debug|Any CPU
		{35F587F3-9EB2-4DDA-A913-A1652EEBA4CE}.Debug|Any CPU.Build.0 = Debug|Any CPU
		{35F587F3-9EB2-4DDA-A913-A1652EEBA4CE}.Release|Any CPU.ActiveCfg = Release|Any CPU
		{35F587F3-9EB2-4DDA-A913-A1652EEBA4CE}.Release|Any CPU.Build.0 = Release|Any CPU
		{02F52921-28F5-4989-9248-39E0C2242F60}.Debug|Any CPU.ActiveCfg = Debug|Any CPU
		{02F52921-28F5-4989-9248-39E0C2242F60}.Debug|Any CPU.Build.0 = Debug|Any CPU
		{02F52921-28F5-4989-9248-39E0C2242F60}.Release|Any CPU.ActiveCfg = Release|Any CPU
		{02F52921-28F5-4989-9248-39E0C2242F60}.Release|Any CPU.Build.0 = Release|Any CPU
	EndGlobalSection
	GlobalSection(SolutionProperties) = preSolution
		HideSolutionNode = FALSE
	EndGlobalSection
	GlobalSection(NestedProjects) = preSolution
		{F65B83F9-63FF-4EB1-B600-3823ED8BF3EE} = {EB3E9026-EC15-4B8E-B3F6-0E4DBCC452D4}
		{08C1AD22-079A-4A92-A0A1-09359BC389EF} = {A38DE793-9A59-4C1F-957B-7DA0D0002E67}
		{EB3E9026-EC15-4B8E-B3F6-0E4DBCC452D4} = {E0987217-8314-4AFB-B8D0-335CDBB9D4B1}
		{A38DE793-9A59-4C1F-957B-7DA0D0002E67} = {E0987217-8314-4AFB-B8D0-335CDBB9D4B1}
		{B1AAFA92-DEB2-407B-933D-4817F6FA3CD3} = {E0987217-8314-4AFB-B8D0-335CDBB9D4B1}
		{C64B0D0F-60A2-4394-B7F9-4BDD5ECE0802} = {E0987217-8314-4AFB-B8D0-335CDBB9D4B1}
		{EDD6AEA7-60FB-433B-8223-C1E93666D787} = {C64B0D0F-60A2-4394-B7F9-4BDD5ECE0802}
		{11871B87-87FD-4730-AABA-AAB4291EB4BD} = {EDD6AEA7-60FB-433B-8223-C1E93666D787}
		{12F8F66F-1FF0-4194-9D3B-C9B18B2D6990} = {C64B0D0F-60A2-4394-B7F9-4BDD5ECE0802}
		{C56B74A1-5BCA-484F-BBFF-63B801BA5708} = {12F8F66F-1FF0-4194-9D3B-C9B18B2D6990}
		{E28DFA06-84AA-4A0C-AD31-EA7B3D410F2B} = {A38DE793-9A59-4C1F-957B-7DA0D0002E67}
		{A57792AF-806F-4BC5-B00E-64928EE11B3C} = {B1AAFA92-DEB2-407B-933D-4817F6FA3CD3}
		{17B7074D-FEC2-4C71-859B-A7EA0A50DE05} = {E0987217-8314-4AFB-B8D0-335CDBB9D4B1}
		{91B6F06D-8E1E-4744-8FEE-7F32E49E376D} = {A38DE793-9A59-4C1F-957B-7DA0D0002E67}
		{FA17AC14-BD11-419D-8A7C-71C42A9E8E7F} = {B1AAFA92-DEB2-407B-933D-4817F6FA3CD3}
		{35F587F3-9EB2-4DDA-A913-A1652EEBA4CE} = {B1AAFA92-DEB2-407B-933D-4817F6FA3CD3}
		{02F52921-28F5-4989-9248-39E0C2242F60} = {B1AAFA92-DEB2-407B-933D-4817F6FA3CD3}
	EndGlobalSection
	GlobalSection(ExtensibilityGlobals) = postSolution
		SolutionGuid = {DCD7CEF0-F189-4F93-BDE1-A18EC987BC43}
	EndGlobalSection
EndGlobal
