
Microsoft Visual Studio Solution File, Format Version 12.00
# Visual Studio Version 16
VisualStudioVersion = 16.0.28803.156
MinimumVisualStudioVersion = 10.0.40219.1
Project("{9A19103F-16F7-4668-BE54-9A1E7A4F7556}") = "Api", "SGH\Api.csproj", "{F65B83F9-63FF-4EB1-B600-3823ED8BF3EE}"
EndProject
Project("{9A19103F-16F7-4668-BE54-9A1E7A4F7556}") = "Data", "Data\Data.csproj", "{A5D93D80-004B-4487-85CD-A45790507114}"
EndProject
Project("{9A19103F-16F7-4668-BE54-9A1E7A4F7556}") = "Aplicacao", "Servicos\Aplicacao.csproj", "{7A303318-1D2B-42E0-BE34-1245F3C9C1EB}"
EndProject
Project("{9A19103F-16F7-4668-BE54-9A1E7A4F7556}") = "Repositorio", "Repositorio\Repositorio.csproj", "{DF0A45C0-38AF-42DE-AD3E-BFEC8C46C286}"
EndProject
Project("{9A19103F-16F7-4668-BE54-9A1E7A4F7556}") = "Dominio", "Dominio\Dominio.csproj", "{08C1AD22-079A-4A92-A0A1-09359BC389EF}"
EndProject
Project("{9A19103F-16F7-4668-BE54-9A1E7A4F7556}") = "Global", "Global\Global.csproj", "{4E149757-44D3-4B94-9620-C661C78445BB}"
EndProject
Project("{2150E333-8FDC-42A3-9474-1A3956D46DE8}") = "1 - Apresentacao", "1 - Apresentacao", "{EB3E9026-EC15-4B8E-B3F6-0E4DBCC452D4}"
EndProject
Project("{2150E333-8FDC-42A3-9474-1A3956D46DE8}") = "2 - Aplicacao", "2 - Aplicacao", "{0E8B275D-F2E8-421A-9AA8-D5403A4D625B}"
EndProject
Project("{2150E333-8FDC-42A3-9474-1A3956D46DE8}") = "src", "src", "{E0987217-8314-4AFB-B8D0-335CDBB9D4B1}"
EndProject
Project("{2150E333-8FDC-42A3-9474-1A3956D46DE8}") = "3 - Dominio", "3 - Dominio", "{A38DE793-9A59-4C1F-957B-7DA0D0002E67}"
EndProject
Project("{2150E333-8FDC-42A3-9474-1A3956D46DE8}") = "4 - Infraestrutura", "4 - Infraestrutura", "{B1AAFA92-DEB2-407B-933D-4817F6FA3CD3}"
EndProject
Global
	GlobalSection(SolutionConfigurationPlatforms) = preSolution
		Debug|Any CPU = Debug|Any CPU
		Release|Any CPU = Release|Any CPU
	EndGlobalSection
	GlobalSection(ProjectConfigurationPlatforms) = postSolution
		{F65B83F9-63FF-4EB1-B600-3823ED8BF3EE}.Debug|Any CPU.ActiveCfg = Debug|Any CPU
		{F65B83F9-63FF-4EB1-B600-3823ED8BF3EE}.Debug|Any CPU.Build.0 = Debug|Any CPU
		{F65B83F9-63FF-4EB1-B600-3823ED8BF3EE}.Release|Any CPU.ActiveCfg = Release|Any CPU
		{F65B83F9-63FF-4EB1-B600-3823ED8BF3EE}.Release|Any CPU.Build.0 = Release|Any CPU
		{A5D93D80-004B-4487-85CD-A45790507114}.Debug|Any CPU.ActiveCfg = Debug|Any CPU
		{A5D93D80-004B-4487-85CD-A45790507114}.Debug|Any CPU.Build.0 = Debug|Any CPU
		{A5D93D80-004B-4487-85CD-A45790507114}.Release|Any CPU.ActiveCfg = Release|Any CPU
		{A5D93D80-004B-4487-85CD-A45790507114}.Release|Any CPU.Build.0 = Release|Any CPU
		{7A303318-1D2B-42E0-BE34-1245F3C9C1EB}.Debug|Any CPU.ActiveCfg = Debug|Any CPU
		{7A303318-1D2B-42E0-BE34-1245F3C9C1EB}.Debug|Any CPU.Build.0 = Debug|Any CPU
		{7A303318-1D2B-42E0-BE34-1245F3C9C1EB}.Release|Any CPU.ActiveCfg = Release|Any CPU
		{7A303318-1D2B-42E0-BE34-1245F3C9C1EB}.Release|Any CPU.Build.0 = Release|Any CPU
		{DF0A45C0-38AF-42DE-AD3E-BFEC8C46C286}.Debug|Any CPU.ActiveCfg = Debug|Any CPU
		{DF0A45C0-38AF-42DE-AD3E-BFEC8C46C286}.Debug|Any CPU.Build.0 = Debug|Any CPU
		{DF0A45C0-38AF-42DE-AD3E-BFEC8C46C286}.Release|Any CPU.ActiveCfg = Release|Any CPU
		{DF0A45C0-38AF-42DE-AD3E-BFEC8C46C286}.Release|Any CPU.Build.0 = Release|Any CPU
		{08C1AD22-079A-4A92-A0A1-09359BC389EF}.Debug|Any CPU.ActiveCfg = Debug|Any CPU
		{08C1AD22-079A-4A92-A0A1-09359BC389EF}.Debug|Any CPU.Build.0 = Debug|Any CPU
		{08C1AD22-079A-4A92-A0A1-09359BC389EF}.Release|Any CPU.ActiveCfg = Release|Any CPU
		{08C1AD22-079A-4A92-A0A1-09359BC389EF}.Release|Any CPU.Build.0 = Release|Any CPU
		{4E149757-44D3-4B94-9620-C661C78445BB}.Debug|Any CPU.ActiveCfg = Debug|Any CPU
		{4E149757-44D3-4B94-9620-C661C78445BB}.Debug|Any CPU.Build.0 = Debug|Any CPU
		{4E149757-44D3-4B94-9620-C661C78445BB}.Release|Any CPU.ActiveCfg = Release|Any CPU
		{4E149757-44D3-4B94-9620-C661C78445BB}.Release|Any CPU.Build.0 = Release|Any CPU
	EndGlobalSection
	GlobalSection(SolutionProperties) = preSolution
		HideSolutionNode = FALSE
	EndGlobalSection
	GlobalSection(NestedProjects) = preSolution
		{F65B83F9-63FF-4EB1-B600-3823ED8BF3EE} = {EB3E9026-EC15-4B8E-B3F6-0E4DBCC452D4}
		{A5D93D80-004B-4487-85CD-A45790507114} = {B1AAFA92-DEB2-407B-933D-4817F6FA3CD3}
		{7A303318-1D2B-42E0-BE34-1245F3C9C1EB} = {0E8B275D-F2E8-421A-9AA8-D5403A4D625B}
		{DF0A45C0-38AF-42DE-AD3E-BFEC8C46C286} = {B1AAFA92-DEB2-407B-933D-4817F6FA3CD3}
		{08C1AD22-079A-4A92-A0A1-09359BC389EF} = {A38DE793-9A59-4C1F-957B-7DA0D0002E67}
		{4E149757-44D3-4B94-9620-C661C78445BB} = {0E8B275D-F2E8-421A-9AA8-D5403A4D625B}
		{EB3E9026-EC15-4B8E-B3F6-0E4DBCC452D4} = {E0987217-8314-4AFB-B8D0-335CDBB9D4B1}
		{0E8B275D-F2E8-421A-9AA8-D5403A4D625B} = {E0987217-8314-4AFB-B8D0-335CDBB9D4B1}
		{A38DE793-9A59-4C1F-957B-7DA0D0002E67} = {E0987217-8314-4AFB-B8D0-335CDBB9D4B1}
		{B1AAFA92-DEB2-407B-933D-4817F6FA3CD3} = {E0987217-8314-4AFB-B8D0-335CDBB9D4B1}
	EndGlobalSection
	GlobalSection(ExtensibilityGlobals) = postSolution
		SolutionGuid = {DCD7CEF0-F189-4F93-BDE1-A18EC987BC43}
	EndGlobalSection
EndGlobal
